
Microsoft Visual Studio Solution File, Format Version 12.00
# Visual Studio 15
Project("{FAE04EC0-301F-11D3-BF4B-00C04F79EFBC}") = "DIYHIIT.API", "DIYHIIT.API\DIYHIIT.API.csproj", "{C8D1B554-C9DA-4F8F-B905-EF693BBB7A02}"
EndProject
Project("{FAE04EC0-301F-11D3-BF4B-00C04F79EFBC}") = "DIYHIIT.Core", "DIYHIIT.Core\DIYHIIT.Core.csproj", "{620E2C7C-936E-4A4D-9176-85B4B6080C7E}"
EndProject
Global
	GlobalSection(SolutionConfigurationPlatforms) = preSolution
		Debug|Any CPU = Debug|Any CPU
		Release|Any CPU = Release|Any CPU
	EndGlobalSection
	GlobalSection(ProjectConfigurationPlatforms) = postSolution
		{C8D1B554-C9DA-4F8F-B905-EF693BBB7A02}.Debug|Any CPU.ActiveCfg = Debug|Any CPU
		{C8D1B554-C9DA-4F8F-B905-EF693BBB7A02}.Debug|Any CPU.Build.0 = Debug|Any CPU
		{C8D1B554-C9DA-4F8F-B905-EF693BBB7A02}.Release|Any CPU.ActiveCfg = Release|Any CPU
		{C8D1B554-C9DA-4F8F-B905-EF693BBB7A02}.Release|Any CPU.Build.0 = Release|Any CPU
		{620E2C7C-936E-4A4D-9176-85B4B6080C7E}.Debug|Any CPU.ActiveCfg = Debug|Any CPU
		{620E2C7C-936E-4A4D-9176-85B4B6080C7E}.Debug|Any CPU.Build.0 = Debug|Any CPU
		{620E2C7C-936E-4A4D-9176-85B4B6080C7E}.Release|Any CPU.ActiveCfg = Release|Any CPU
		{620E2C7C-936E-4A4D-9176-85B4B6080C7E}.Release|Any CPU.Build.0 = Release|Any CPU
	EndGlobalSection
EndGlobal
