Microsoft Visual Studio Solution File, Format Version 12.00
# Visual Studio Version 16
VisualStudioVersion = 16.0.30225.117
MinimumVisualStudioVersion = 10.0.40219.1
Project("{9A19103F-16F7-4668-BE54-9A1E7A4F7556}") = "PhysioApp.API", "PhysioApp.API\PhysioApp.API.csproj", "{C8D1B554-C9DA-4F8F-B905-EF693BBB7A02}"
EndProject
Project("{FAE04EC0-301F-11D3-BF4B-00C04F79EFBC}") = "PhysioApp.Android", "PhysioApp.Android\PhysioApp.Android.csproj", "{00148471-3062-4815-B78B-309FDE50CCEE}"
EndProject
Project("{FAE04EC0-301F-11D3-BF4B-00C04F79EFBC}") = "PhysioApp.iOS", "PhysioApp.iOS\PhysioApp.iOS.csproj", "{5F0A32B8-45A0-4A70-B8A8-EC91A226BF0A}"
EndProject
Project("{9A19103F-16F7-4668-BE54-9A1E7A4F7556}") = "PhysioApp", "PhysioApp\PhysioApp.csproj", "{13577E4A-6B42-4E0D-88D5-C2964EF3B65C}"
EndProject
Project("{FAE04EC0-301F-11D3-BF4B-00C04F79EFBC}") = "PhysioApp.Library", "PhysioApp.Library\PhysioApp.Library.csproj", "{01BB5C68-6213-4A83-9FD1-EDD6564D1496}"
EndProject
Project("{2150E333-8FDC-42A3-9474-1A3956D46DE8}") = "Mobile", "Mobile", "{1FD6B0C3-D1A6-448B-863F-C2FCFAC5B260}"
EndProject
Project("{2150E333-8FDC-42A3-9474-1A3956D46DE8}") = "Web API", "Web API", "{8812E5A1-3FD9-47A7-9322-FEE9A6AD3CD8}"
EndProject
Project("{2150E333-8FDC-42A3-9474-1A3956D46DE8}") = "Libraries", "Libraries", "{6C065329-2834-4DEF-8F42-E6BB8F8B7243}"
EndProject
Global
	GlobalSection(SolutionConfigurationPlatforms) = preSolution
		Debug|Any CPU = Debug|Any CPU
		Debug|iPhone = Debug|iPhone
		Debug|iPhoneSimulator = Debug|iPhoneSimulator
		Release|Any CPU = Release|Any CPU
		Release|iPhone = Release|iPhone
		Release|iPhoneSimulator = Release|iPhoneSimulator
	EndGlobalSection
	GlobalSection(ProjectConfigurationPlatforms) = postSolution
		{C8D1B554-C9DA-4F8F-B905-EF693BBB7A02}.Debug|Any CPU.ActiveCfg = Debug|Any CPU
		{C8D1B554-C9DA-4F8F-B905-EF693BBB7A02}.Debug|Any CPU.Build.0 = Debug|Any CPU
		{C8D1B554-C9DA-4F8F-B905-EF693BBB7A02}.Debug|iPhone.ActiveCfg = Debug|Any CPU
		{C8D1B554-C9DA-4F8F-B905-EF693BBB7A02}.Debug|iPhone.Build.0 = Debug|Any CPU
		{C8D1B554-C9DA-4F8F-B905-EF693BBB7A02}.Debug|iPhoneSimulator.ActiveCfg = Debug|Any CPU
		{C8D1B554-C9DA-4F8F-B905-EF693BBB7A02}.Debug|iPhoneSimulator.Build.0 = Debug|Any CPU
		{C8D1B554-C9DA-4F8F-B905-EF693BBB7A02}.Release|Any CPU.ActiveCfg = Release|Any CPU
		{C8D1B554-C9DA-4F8F-B905-EF693BBB7A02}.Release|Any CPU.Build.0 = Release|Any CPU
		{C8D1B554-C9DA-4F8F-B905-EF693BBB7A02}.Release|iPhone.ActiveCfg = Release|Any CPU
		{C8D1B554-C9DA-4F8F-B905-EF693BBB7A02}.Release|iPhone.Build.0 = Release|Any CPU
		{C8D1B554-C9DA-4F8F-B905-EF693BBB7A02}.Release|iPhoneSimulator.ActiveCfg = Release|Any CPU
		{C8D1B554-C9DA-4F8F-B905-EF693BBB7A02}.Release|iPhoneSimulator.Build.0 = Release|Any CPU
		{00148471-3062-4815-B78B-309FDE50CCEE}.Debug|Any CPU.ActiveCfg = Debug|Any CPU
		{00148471-3062-4815-B78B-309FDE50CCEE}.Debug|Any CPU.Build.0 = Debug|Any CPU
		{00148471-3062-4815-B78B-309FDE50CCEE}.Debug|iPhone.ActiveCfg = Debug|Any CPU
		{00148471-3062-4815-B78B-309FDE50CCEE}.Debug|iPhone.Build.0 = Debug|Any CPU
		{00148471-3062-4815-B78B-309FDE50CCEE}.Debug|iPhoneSimulator.ActiveCfg = Debug|Any CPU
		{00148471-3062-4815-B78B-309FDE50CCEE}.Debug|iPhoneSimulator.Build.0 = Debug|Any CPU
		{00148471-3062-4815-B78B-309FDE50CCEE}.Release|Any CPU.ActiveCfg = Release|Any CPU
		{00148471-3062-4815-B78B-309FDE50CCEE}.Release|Any CPU.Build.0 = Release|Any CPU
		{00148471-3062-4815-B78B-309FDE50CCEE}.Release|iPhone.ActiveCfg = Release|Any CPU
		{00148471-3062-4815-B78B-309FDE50CCEE}.Release|iPhone.Build.0 = Release|Any CPU
		{00148471-3062-4815-B78B-309FDE50CCEE}.Release|iPhoneSimulator.ActiveCfg = Release|Any CPU
		{00148471-3062-4815-B78B-309FDE50CCEE}.Release|iPhoneSimulator.Build.0 = Release|Any CPU
		{5F0A32B8-45A0-4A70-B8A8-EC91A226BF0A}.Debug|Any CPU.ActiveCfg = Debug|iPhoneSimulator
		{5F0A32B8-45A0-4A70-B8A8-EC91A226BF0A}.Debug|Any CPU.Build.0 = Debug|iPhoneSimulator
		{5F0A32B8-45A0-4A70-B8A8-EC91A226BF0A}.Debug|iPhone.ActiveCfg = Debug|iPhone
		{5F0A32B8-45A0-4A70-B8A8-EC91A226BF0A}.Debug|iPhone.Build.0 = Debug|iPhone
		{5F0A32B8-45A0-4A70-B8A8-EC91A226BF0A}.Debug|iPhoneSimulator.ActiveCfg = Debug|iPhoneSimulator
		{5F0A32B8-45A0-4A70-B8A8-EC91A226BF0A}.Debug|iPhoneSimulator.Build.0 = Debug|iPhoneSimulator
		{5F0A32B8-45A0-4A70-B8A8-EC91A226BF0A}.Release|Any CPU.ActiveCfg = Release|iPhoneSimulator
		{5F0A32B8-45A0-4A70-B8A8-EC91A226BF0A}.Release|Any CPU.Build.0 = Release|iPhoneSimulator
		{5F0A32B8-45A0-4A70-B8A8-EC91A226BF0A}.Release|iPhone.ActiveCfg = Release|iPhone
		{5F0A32B8-45A0-4A70-B8A8-EC91A226BF0A}.Release|iPhone.Build.0 = Release|iPhone
		{5F0A32B8-45A0-4A70-B8A8-EC91A226BF0A}.Release|iPhoneSimulator.ActiveCfg = Release|iPhoneSimulator
		{5F0A32B8-45A0-4A70-B8A8-EC91A226BF0A}.Release|iPhoneSimulator.Build.0 = Release|iPhoneSimulator
		{13577E4A-6B42-4E0D-88D5-C2964EF3B65C}.Debug|Any CPU.ActiveCfg = Debug|Any CPU
		{13577E4A-6B42-4E0D-88D5-C2964EF3B65C}.Debug|Any CPU.Build.0 = Debug|Any CPU
		{13577E4A-6B42-4E0D-88D5-C2964EF3B65C}.Debug|iPhone.ActiveCfg = Debug|Any CPU
		{13577E4A-6B42-4E0D-88D5-C2964EF3B65C}.Debug|iPhone.Build.0 = Debug|Any CPU
		{13577E4A-6B42-4E0D-88D5-C2964EF3B65C}.Debug|iPhoneSimulator.ActiveCfg = Debug|Any CPU
		{13577E4A-6B42-4E0D-88D5-C2964EF3B65C}.Debug|iPhoneSimulator.Build.0 = Debug|Any CPU
		{13577E4A-6B42-4E0D-88D5-C2964EF3B65C}.Release|Any CPU.ActiveCfg = Release|Any CPU
		{13577E4A-6B42-4E0D-88D5-C2964EF3B65C}.Release|Any CPU.Build.0 = Release|Any CPU
		{13577E4A-6B42-4E0D-88D5-C2964EF3B65C}.Release|iPhone.ActiveCfg = Release|Any CPU
		{13577E4A-6B42-4E0D-88D5-C2964EF3B65C}.Release|iPhone.Build.0 = Release|Any CPU
		{13577E4A-6B42-4E0D-88D5-C2964EF3B65C}.Release|iPhoneSimulator.ActiveCfg = Release|Any CPU
		{13577E4A-6B42-4E0D-88D5-C2964EF3B65C}.Release|iPhoneSimulator.Build.0 = Release|Any CPU
		{01BB5C68-6213-4A83-9FD1-EDD6564D1496}.Debug|Any CPU.ActiveCfg = Debug|Any CPU
		{01BB5C68-6213-4A83-9FD1-EDD6564D1496}.Debug|Any CPU.Build.0 = Debug|Any CPU
		{01BB5C68-6213-4A83-9FD1-EDD6564D1496}.Debug|iPhone.ActiveCfg = Debug|Any CPU
		{01BB5C68-6213-4A83-9FD1-EDD6564D1496}.Debug|iPhone.Build.0 = Debug|Any CPU
		{01BB5C68-6213-4A83-9FD1-EDD6564D1496}.Debug|iPhoneSimulator.ActiveCfg = Debug|Any CPU
		{01BB5C68-6213-4A83-9FD1-EDD6564D1496}.Debug|iPhoneSimulator.Build.0 = Debug|Any CPU
		{01BB5C68-6213-4A83-9FD1-EDD6564D1496}.Release|Any CPU.ActiveCfg = Release|Any CPU
		{01BB5C68-6213-4A83-9FD1-EDD6564D1496}.Release|Any CPU.Build.0 = Release|Any CPU
		{01BB5C68-6213-4A83-9FD1-EDD6564D1496}.Release|iPhone.ActiveCfg = Release|Any CPU
		{01BB5C68-6213-4A83-9FD1-EDD6564D1496}.Release|iPhone.Build.0 = Release|Any CPU
		{01BB5C68-6213-4A83-9FD1-EDD6564D1496}.Release|iPhoneSimulator.ActiveCfg = Release|Any CPU
		{01BB5C68-6213-4A83-9FD1-EDD6564D1496}.Release|iPhoneSimulator.Build.0 = Release|Any CPU
	EndGlobalSection
	GlobalSection(SolutionProperties) = preSolution
		HideSolutionNode = FALSE
	EndGlobalSection
	GlobalSection(ExtensibilityGlobals) = postSolution
		SolutionGuid = {E7F5AB72-E956-48B8-8B67-D46C073DD931}
	EndGlobalSection
	GlobalSection(NestedProjects) = preSolution
		{13577E4A-6B42-4E0D-88D5-C2964EF3B65C} = {1FD6B0C3-D1A6-448B-863F-C2FCFAC5B260}
		{00148471-3062-4815-B78B-309FDE50CCEE} = {1FD6B0C3-D1A6-448B-863F-C2FCFAC5B260}
		{5F0A32B8-45A0-4A70-B8A8-EC91A226BF0A} = {1FD6B0C3-D1A6-448B-863F-C2FCFAC5B260}
		{C8D1B554-C9DA-4F8F-B905-EF693BBB7A02} = {8812E5A1-3FD9-47A7-9322-FEE9A6AD3CD8}
		{01BB5C68-6213-4A83-9FD1-EDD6564D1496} = {6C065329-2834-4DEF-8F42-E6BB8F8B7243}
	EndGlobalSection
EndGlobal
